
Microsoft Visual Studio Solution File, Format Version 12.00
# Visual Studio Version 17
VisualStudioVersion = 17.8.34511.84
MinimumVisualStudioVersion = 10.0.40219.1
Project("{FAE04EC0-301F-11D3-BF4B-00C04F79EFBC}") = "Assignment2", "Assignment2.csproj", "{EB20EF64-45BB-43AE-97D2-6E264F3D8C0A}"
EndProject
Global
	GlobalSection(SolutionConfigurationPlatforms) = preSolution
		Debug|Any CPU = Debug|Any CPU
		Release|Any CPU = Release|Any CPU
	EndGlobalSection
	GlobalSection(ProjectConfigurationPlatforms) = postSolution
		{EB20EF64-45BB-43AE-97D2-6E264F3D8C0A}.Debug|Any CPU.ActiveCfg = Debug|Any CPU
		{EB20EF64-45BB-43AE-97D2-6E264F3D8C0A}.Debug|Any CPU.Build.0 = Debug|Any CPU
		{EB20EF64-45BB-43AE-97D2-6E264F3D8C0A}.Release|Any CPU.ActiveCfg = Release|Any CPU
		{EB20EF64-45BB-43AE-97D2-6E264F3D8C0A}.Release|Any CPU.Build.0 = Release|Any CPU
	EndGlobalSection
	GlobalSection(SolutionProperties) = preSolution
		HideSolutionNode = FALSE
	EndGlobalSection
	GlobalSection(ExtensibilityGlobals) = postSolution
		SolutionGuid = {C5823E7F-5A54-453A-830F-F433D44B359D}
	EndGlobalSection
EndGlobal
